
Microsoft Visual Studio Solution File, Format Version 12.00
# Visual Studio Version 17
VisualStudioVersion = 17.7.34018.315
MinimumVisualStudioVersion = 10.0.40219.1
Project("{FAE04EC0-301F-11D3-BF4B-00C04F79EFBC}") = "Techcareer_Tutorial", "Techcareer_Tutorial\Techcareer_Tutorial.csproj", "{67A40544-1BBB-4F60-906C-A43CD1CBA8D9}"
EndProject
Project("{FAE04EC0-301F-11D3-BF4B-00C04F79EFBC}") = "Germany_Hour", "Germany_Hour\Germany_Hour.csproj", "{5AEB5A0B-C8E0-4552-B2B1-BFB26B5489AE}"
EndProject
Global
	GlobalSection(SolutionConfigurationPlatforms) = preSolution
		Debug|Any CPU = Debug|Any CPU
		Release|Any CPU = Release|Any CPU
	EndGlobalSection
	GlobalSection(ProjectConfigurationPlatforms) = postSolution
		{67A40544-1BBB-4F60-906C-A43CD1CBA8D9}.Debug|Any CPU.ActiveCfg = Debug|Any CPU
		{67A40544-1BBB-4F60-906C-A43CD1CBA8D9}.Debug|Any CPU.Build.0 = Debug|Any CPU
		{67A40544-1BBB-4F60-906C-A43CD1CBA8D9}.Release|Any CPU.ActiveCfg = Release|Any CPU
		{67A40544-1BBB-4F60-906C-A43CD1CBA8D9}.Release|Any CPU.Build.0 = Release|Any CPU
		{5AEB5A0B-C8E0-4552-B2B1-BFB26B5489AE}.Debug|Any CPU.ActiveCfg = Debug|Any CPU
		{5AEB5A0B-C8E0-4552-B2B1-BFB26B5489AE}.Debug|Any CPU.Build.0 = Debug|Any CPU
		{5AEB5A0B-C8E0-4552-B2B1-BFB26B5489AE}.Release|Any CPU.ActiveCfg = Release|Any CPU
		{5AEB5A0B-C8E0-4552-B2B1-BFB26B5489AE}.Release|Any CPU.Build.0 = Release|Any CPU
	EndGlobalSection
	GlobalSection(SolutionProperties) = preSolution
		HideSolutionNode = FALSE
	EndGlobalSection
	GlobalSection(ExtensibilityGlobals) = postSolution
		SolutionGuid = {8050D0A3-F0B0-4125-87C6-68BDDFECE5AC}
	EndGlobalSection
EndGlobal
